
Microsoft Visual Studio Solution File, Format Version 12.00
# Visual Studio Version 17
VisualStudioVersion = 17.8.34511.84
MinimumVisualStudioVersion = 10.0.40219.1
Project("{FAE04EC0-301F-11D3-BF4B-00C04F79EFBC}") = "LR12_2_ASP_Zhyhlova", "LR12_2_ASP_Zhyhlova\LR12_2_ASP_Zhyhlova.csproj", "{BAB04E7B-5E1E-4E08-A98D-DED396C98185}"
EndProject
Global
	GlobalSection(SolutionConfigurationPlatforms) = preSolution
		Debug|Any CPU = Debug|Any CPU
		Release|Any CPU = Release|Any CPU
	EndGlobalSection
	GlobalSection(ProjectConfigurationPlatforms) = postSolution
		{BAB04E7B-5E1E-4E08-A98D-DED396C98185}.Debug|Any CPU.ActiveCfg = Debug|Any CPU
		{BAB04E7B-5E1E-4E08-A98D-DED396C98185}.Debug|Any CPU.Build.0 = Debug|Any CPU
		{BAB04E7B-5E1E-4E08-A98D-DED396C98185}.Release|Any CPU.ActiveCfg = Release|Any CPU
		{BAB04E7B-5E1E-4E08-A98D-DED396C98185}.Release|Any CPU.Build.0 = Release|Any CPU
	EndGlobalSection
	GlobalSection(SolutionProperties) = preSolution
		HideSolutionNode = FALSE
	EndGlobalSection
	GlobalSection(ExtensibilityGlobals) = postSolution
		SolutionGuid = {1089C8E9-CD5E-401A-97DD-1568E945DE59}
	EndGlobalSection
EndGlobal
